// !$*UTF8*$!
{
	archiveVersion = 1;
	classes = {
	};
	objectVersion = 50;
	objects = {

/* Begin PBXBuildFile section */
		CF7E88B12708BAD500F11C44 /* Peroush_Nike_AppApp.swift in Sources */ = {isa = PBXBuildFile; fileRef = CF7E88B02708BAD500F11C44 /* Peroush_Nike_AppApp.swift */; };
		CF7E88B32708BAD500F11C44 /* ContentView.swift in Sources */ = {isa = PBXBuildFile; fileRef = CF7E88B22708BAD500F11C44 /* ContentView.swift */; };
		CF7E88B52708BAD700F11C44 /* Assets.xcassets in Resources */ = {isa = PBXBuildFile; fileRef = CF7E88B42708BAD700F11C44 /* Assets.xcassets */; };
		CF7E88B82708BAD700F11C44 /* Preview Assets.xcassets in Resources */ = {isa = PBXBuildFile; fileRef = CF7E88B72708BAD700F11C44 /* Preview Assets.xcassets */; };
		CF7E88C32708BAD800F11C44 /* Peroush_Nike_AppTests.swift in Sources */ = {isa = PBXBuildFile; fileRef = CF7E88C22708BAD800F11C44 /* Peroush_Nike_AppTests.swift */; };
		CF7E88CE2708BAD800F11C44 /* Peroush_Nike_AppUITests.swift in Sources */ = {isa = PBXBuildFile; fileRef = CF7E88CD2708BAD800F11C44 /* Peroush_Nike_AppUITests.swift */; };
/* End PBXBuildFile section */

/* Begin PBXContainerItemProxy section */
		CF7E88BF2708BAD800F11C44 /* PBXContainerItemProxy */ = {
			isa = PBXContainerItemProxy;
			containerPortal = CF7E88A52708BAD500F11C44 /* Project object */;
			proxyType = 1;
			remoteGlobalIDString = CF7E88AC2708BAD500F11C44;
			remoteInfo = "Peroush Nike App";
		};
		CF7E88CA2708BAD800F11C44 /* PBXContainerItemProxy */ = {
			isa = PBXContainerItemProxy;
			containerPortal = CF7E88A52708BAD500F11C44 /* Project object */;
			proxyType = 1;
			remoteGlobalIDString = CF7E88AC2708BAD500F11C44;
			remoteInfo = "Peroush Nike App";
		};
/* End PBXContainerItemProxy section */

/* Begin PBXFileReference section */
		CF7E88AD2708BAD500F11C44 /* Peroush Nike App.app */ = {isa = PBXFileReference; explicitFileType = wrapper.application; includeInIndex = 0; path = "Peroush Nike App.app"; sourceTree = BUILT_PRODUCTS_DIR; };
		CF7E88B02708BAD500F11C44 /* Peroush_Nike_AppApp.swift */ = {isa = PBXFileReference; lastKnownFileType = sourcecode.swift; path = Peroush_Nike_AppApp.swift; sourceTree = "<group>"; };
		CF7E88B22708BAD500F11C44 /* ContentView.swift */ = {isa = PBXFileReference; lastKnownFileType = sourcecode.swift; path = ContentView.swift; sourceTree = "<group>"; };
		CF7E88B42708BAD700F11C44 /* Assets.xcassets */ = {isa = PBXFileReference; lastKnownFileType = folder.assetcatalog; path = Assets.xcassets; sourceTree = "<group>"; };
		CF7E88B72708BAD700F11C44 /* Preview Assets.xcassets */ = {isa = PBXFileReference; lastKnownFileType = folder.assetcatalog; path = "Preview Assets.xcassets"; sourceTree = "<group>"; };
		CF7E88B92708BAD700F11C44 /* Info.plist */ = {isa = PBXFileReference; lastKnownFileType = text.plist.xml; path = Info.plist; sourceTree = "<group>"; };
		CF7E88BE2708BAD800F11C44 /* Peroush Nike AppTests.xctest */ = {isa = PBXFileReference; explicitFileType = wrapper.cfbundle; includeInIndex = 0; path = "Peroush Nike AppTests.xctest"; sourceTree = BUILT_PRODUCTS_DIR; };
		CF7E88C22708BAD800F11C44 /* Peroush_Nike_AppTests.swift */ = {isa = PBXFileReference; lastKnownFileType = sourcecode.swift; path = Peroush_Nike_AppTests.swift; sourceTree = "<group>"; };
		CF7E88C42708BAD800F11C44 /* Info.plist */ = {isa = PBXFileReference; lastKnownFileType = text.plist.xml; path = Info.plist; sourceTree = "<group>"; };
		CF7E88C92708BAD800F11C44 /* Peroush Nike AppUITests.xctest */ = {isa = PBXFileReference; explicitFileType = wrapper.cfbundle; includeInIndex = 0; path = "Peroush Nike AppUITests.xctest"; sourceTree = BUILT_PRODUCTS_DIR; };
		CF7E88CD2708BAD800F11C44 /* Peroush_Nike_AppUITests.swift */ = {isa = PBXFileReference; lastKnownFileType = sourcecode.swift; path = Peroush_Nike_AppUITests.swift; sourceTree = "<group>"; };
		CF7E88CF2708BAD800F11C44 /* Info.plist */ = {isa = PBXFileReference; lastKnownFileType = text.plist.xml; path = Info.plist; sourceTree = "<group>"; };
/* End PBXFileReference section */

/* Begin PBXFrameworksBuildPhase section */
		CF7E88AA2708BAD500F11C44 /* Frameworks */ = {
			isa = PBXFrameworksBuildPhase;
			buildActionMask = 2147483647;
			files = (
			);
			runOnlyForDeploymentPostprocessing = 0;
		};
		CF7E88BB2708BAD800F11C44 /* Frameworks */ = {
			isa = PBXFrameworksBuildPhase;
			buildActionMask = 2147483647;
			files = (
			);
			runOnlyForDeploymentPostprocessing = 0;
		};
		CF7E88C62708BAD800F11C44 /* Frameworks */ = {
			isa = PBXFrameworksBuildPhase;
			buildActionMask = 2147483647;
			files = (
			);
			runOnlyForDeploymentPostprocessing = 0;
		};
/* End PBXFrameworksBuildPhase section */

/* Begin PBXGroup section */
		CF7E88A42708BAD500F11C44 = {
			isa = PBXGroup;
			children = (
				CF7E88AF2708BAD500F11C44 /* Peroush Nike App */,
				CF7E88C12708BAD800F11C44 /* Peroush Nike AppTests */,
				CF7E88CC2708BAD800F11C44 /* Peroush Nike AppUITests */,
				CF7E88AE2708BAD500F11C44 /* Products */,
			);
			sourceTree = "<group>";
		};
		CF7E88AE2708BAD500F11C44 /* Products */ = {
			isa = PBXGroup;
			children = (
				CF7E88AD2708BAD500F11C44 /* Peroush Nike App.app */,
				CF7E88BE2708BAD800F11C44 /* Peroush Nike AppTests.xctest */,
				CF7E88C92708BAD800F11C44 /* Peroush Nike AppUITests.xctest */,
			);
			name = Products;
			sourceTree = "<group>";
		};
		CF7E88AF2708BAD500F11C44 /* Peroush Nike App */ = {
			isa = PBXGroup;
			children = (
				CF7E88B02708BAD500F11C44 /* Peroush_Nike_AppApp.swift */,
				CF7E88B22708BAD500F11C44 /* ContentView.swift */,
				CF7E88B42708BAD700F11C44 /* Assets.xcassets */,
				CF7E88B92708BAD700F11C44 /* Info.plist */,
				CF7E88B62708BAD700F11C44 /* Preview Content */,
			);
			path = "Peroush Nike App";
			sourceTree = "<group>";
		};
		CF7E88B62708BAD700F11C44 /* Preview Content */ = {
			isa = PBXGroup;
			children = (
				CF7E88B72708BAD700F11C44 /* Preview Assets.xcassets */,
			);
			path = "Preview Content";
			sourceTree = "<group>";
		};
		CF7E88C12708BAD800F11C44 /* Peroush Nike AppTests */ = {
			isa = PBXGroup;
			children = (
				CF7E88C22708BAD800F11C44 /* Peroush_Nike_AppTests.swift */,
				CF7E88C42708BAD800F11C44 /* Info.plist */,
			);
			path = "Peroush Nike AppTests";
			sourceTree = "<group>";
		};
		CF7E88CC2708BAD800F11C44 /* Peroush Nike AppUITests */ = {
			isa = PBXGroup;
			children = (
				CF7E88CD2708BAD800F11C44 /* Peroush_Nike_AppUITests.swift */,
				CF7E88CF2708BAD800F11C44 /* Info.plist */,
			);
			path = "Peroush Nike AppUITests";
			sourceTree = "<group>";
		};
/* End PBXGroup section */

/* Begin PBXNativeTarget section */
		CF7E88AC2708BAD500F11C44 /* Peroush Nike App */ = {
			isa = PBXNativeTarget;
			buildConfigurationList = CF7E88D22708BAD800F11C44 /* Build configuration list for PBXNativeTarget "Peroush Nike App" */;
			buildPhases = (
				CF7E88A92708BAD500F11C44 /* Sources */,
				CF7E88AA2708BAD500F11C44 /* Frameworks */,
				CF7E88AB2708BAD500F11C44 /* Resources */,
			);
			buildRules = (
			);
			dependencies = (
			);
			name = "Peroush Nike App";
			productName = "Peroush Nike App";
			productReference = CF7E88AD2708BAD500F11C44 /* Peroush Nike App.app */;
			productType = "com.apple.product-type.application";
		};
		CF7E88BD2708BAD800F11C44 /* Peroush Nike AppTests */ = {
			isa = PBXNativeTarget;
			buildConfigurationList = CF7E88D52708BAD800F11C44 /* Build configuration list for PBXNativeTarget "Peroush Nike AppTests" */;
			buildPhases = (
				CF7E88BA2708BAD800F11C44 /* Sources */,
				CF7E88BB2708BAD800F11C44 /* Frameworks */,
				CF7E88BC2708BAD800F11C44 /* Resources */,
			);
			buildRules = (
			);
			dependencies = (
				CF7E88C02708BAD800F11C44 /* PBXTargetDependency */,
			);
			name = "Peroush Nike AppTests";
			productName = "Peroush Nike AppTests";
			productReference = CF7E88BE2708BAD800F11C44 /* Peroush Nike AppTests.xctest */;
			productType = "com.apple.product-type.bundle.unit-test";
		};
		CF7E88C82708BAD800F11C44 /* Peroush Nike AppUITests */ = {
			isa = PBXNativeTarget;
			buildConfigurationList = CF7E88D82708BAD800F11C44 /* Build configuration list for PBXNativeTarget "Peroush Nike AppUITests" */;
			buildPhases = (
				CF7E88C52708BAD800F11C44 /* Sources */,
				CF7E88C62708BAD800F11C44 /* Frameworks */,
				CF7E88C72708BAD800F11C44 /* Resources */,
			);
			buildRules = (
			);
			dependencies = (
				CF7E88CB2708BAD800F11C44 /* PBXTargetDependency */,
			);
			name = "Peroush Nike AppUITests";
			productName = "Peroush Nike AppUITests";
			productReference = CF7E88C92708BAD800F11C44 /* Peroush Nike AppUITests.xctest */;
			productType = "com.apple.product-type.bundle.ui-testing";
		};
/* End PBXNativeTarget section */

/* Begin PBXProject section */
		CF7E88A52708BAD500F11C44 /* Project object */ = {
			isa = PBXProject;
			attributes = {
				LastSwiftUpdateCheck = 1250;
				LastUpgradeCheck = 1250;
				TargetAttributes = {
					CF7E88AC2708BAD500F11C44 = {
						CreatedOnToolsVersion = 12.5.1;
					};
					CF7E88BD2708BAD800F11C44 = {
						CreatedOnToolsVersion = 12.5.1;
						TestTargetID = CF7E88AC2708BAD500F11C44;
					};
					CF7E88C82708BAD800F11C44 = {
						CreatedOnToolsVersion = 12.5.1;
						TestTargetID = CF7E88AC2708BAD500F11C44;
					};
				};
			};
			buildConfigurationList = CF7E88A82708BAD500F11C44 /* Build configuration list for PBXProject "Peroush Nike App" */;
			compatibilityVersion = "Xcode 9.3";
			developmentRegion = en;
			hasScannedForEncodings = 0;
			knownRegions = (
				en,
				Base,
			);
			mainGroup = CF7E88A42708BAD500F11C44;
			productRefGroup = CF7E88AE2708BAD500F11C44 /* Products */;
			projectDirPath = "";
			projectRoot = "";
			targets = (
				CF7E88AC2708BAD500F11C44 /* Peroush Nike App */,
				CF7E88BD2708BAD800F11C44 /* Peroush Nike AppTests */,
				CF7E88C82708BAD800F11C44 /* Peroush Nike AppUITests */,
			);
		};
/* End PBXProject section */

/* Begin PBXResourcesBuildPhase section */
		CF7E88AB2708BAD500F11C44 /* Resources */ = {
			isa = PBXResourcesBuildPhase;
			buildActionMask = 2147483647;
			files = (
				CF7E88B82708BAD700F11C44 /* Preview Assets.xcassets in Resources */,
				CF7E88B52708BAD700F11C44 /* Assets.xcassets in Resources */,
			);
			runOnlyForDeploymentPostprocessing = 0;
		};
		CF7E88BC2708BAD800F11C44 /* Resources */ = {
			isa = PBXResourcesBuildPhase;
			buildActionMask = 2147483647;
			files = (
			);
			runOnlyForDeploymentPostprocessing = 0;
		};
		CF7E88C72708BAD800F11C44 /* Resources */ = {
			isa = PBXResourcesBuildPhase;
			buildActionMask = 2147483647;
			files = (
			);
			runOnlyForDeploymentPostprocessing = 0;
		};
/* End PBXResourcesBuildPhase section */

/* Begin PBXSourcesBuildPhase section */
		CF7E88A92708BAD500F11C44 /* Sources */ = {
			isa = PBXSourcesBuildPhase;
			buildActionMask = 2147483647;
			files = (
				CF7E88B32708BAD500F11C44 /* ContentView.swift in Sources */,
				CF7E88B12708BAD500F11C44 /* Peroush_Nike_AppApp.swift in Sources */,
			);
			runOnlyForDeploymentPostprocessing = 0;
		};
		CF7E88BA2708BAD800F11C44 /* Sources */ = {
			isa = PBXSourcesBuildPhase;
			buildActionMask = 2147483647;
			files = (
				CF7E88C32708BAD800F11C44 /* Peroush_Nike_AppTests.swift in Sources */,
			);
			runOnlyForDeploymentPostprocessing = 0;
		};
		CF7E88C52708BAD800F11C44 /* Sources */ = {
			isa = PBXSourcesBuildPhase;
			buildActionMask = 2147483647;
			files = (
				CF7E88CE2708BAD800F11C44 /* Peroush_Nike_AppUITests.swift in Sources */,
			);
			runOnlyForDeploymentPostprocessing = 0;
		};
/* End PBXSourcesBuildPhase section */

/* Begin PBXTargetDependency section */
		CF7E88C02708BAD800F11C44 /* PBXTargetDependency */ = {
			isa = PBXTargetDependency;
			target = CF7E88AC2708BAD500F11C44 /* Peroush Nike App */;
			targetProxy = CF7E88BF2708BAD800F11C44 /* PBXContainerItemProxy */;
		};
		CF7E88CB2708BAD800F11C44 /* PBXTargetDependency */ = {
			isa = PBXTargetDependency;
			target = CF7E88AC2708BAD500F11C44 /* Peroush Nike App */;
			targetProxy = CF7E88CA2708BAD800F11C44 /* PBXContainerItemProxy */;
		};
/* End PBXTargetDependency section */

/* Begin XCBuildConfiguration section */
		CF7E88D02708BAD800F11C44 /* Debug */ = {
			isa = XCBuildConfiguration;
			buildSettings = {
				ALWAYS_SEARCH_USER_PATHS = NO;
				CLANG_ANALYZER_NONNULL = YES;
				CLANG_ANALYZER_NUMBER_OBJECT_CONVERSION = YES_AGGRESSIVE;
				CLANG_CXX_LANGUAGE_STANDARD = "gnu++14";
				CLANG_CXX_LIBRARY = "libc++";
				CLANG_ENABLE_MODULES = YES;
				CLANG_ENABLE_OBJC_ARC = YES;
				CLANG_ENABLE_OBJC_WEAK = YES;
				CLANG_WARN_BLOCK_CAPTURE_AUTORELEASING = YES;
				CLANG_WARN_BOOL_CONVERSION = YES;
				CLANG_WARN_COMMA = YES;
				CLANG_WARN_CONSTANT_CONVERSION = YES;
				CLANG_WARN_DEPRECATED_OBJC_IMPLEMENTATIONS = YES;
				CLANG_WARN_DIRECT_OBJC_ISA_USAGE = YES_ERROR;
				CLANG_WARN_DOCUMENTATION_COMMENTS = YES;
				CLANG_WARN_EMPTY_BODY = YES;
				CLANG_WARN_ENUM_CONVERSION = YES;
				CLANG_WARN_INFINITE_RECURSION = YES;
				CLANG_WARN_INT_CONVERSION = YES;
				CLANG_WARN_NON_LITERAL_NULL_CONVERSION = YES;
				CLANG_WARN_OBJC_IMPLICIT_RETAIN_SELF = YES;
				CLANG_WARN_OBJC_LITERAL_CONVERSION = YES;
				CLANG_WARN_OBJC_ROOT_CLASS = YES_ERROR;
				CLANG_WARN_QUOTED_INCLUDE_IN_FRAMEWORK_HEADER = YES;
				CLANG_WARN_RANGE_LOOP_ANALYSIS = YES;
				CLANG_WARN_STRICT_PROTOTYPES = YES;
				CLANG_WARN_SUSPICIOUS_MOVE = YES;
				CLANG_WARN_UNGUARDED_AVAILABILITY = YES_AGGRESSIVE;
				CLANG_WARN_UNREACHABLE_CODE = YES;
				CLANG_WARN__DUPLICATE_METHOD_MATCH = YES;
				COPY_PHASE_STRIP = NO;
				DEBUG_INFORMATION_FORMAT = dwarf;
				ENABLE_STRICT_OBJC_MSGSEND = YES;
				ENABLE_TESTABILITY = YES;
				GCC_C_LANGUAGE_STANDARD = gnu11;
				GCC_DYNAMIC_NO_PIC = NO;
				GCC_NO_COMMON_BLOCKS = YES;
				GCC_OPTIMIZATION_LEVEL = 0;
				GCC_PREPROCESSOR_DEFINITIONS = (
					"DEBUG=1",
					"$(inherited)",
				);
				GCC_WARN_64_TO_32_BIT_CONVERSION = YES;
				GCC_WARN_ABOUT_RETURN_TYPE = YES_ERROR;
				GCC_WARN_UNDECLARED_SELECTOR = YES;
				GCC_WARN_UNINITIALIZED_AUTOS = YES_AGGRESSIVE;
				GCC_WARN_UNUSED_FUNCTION = YES;
				GCC_WARN_UNUSED_VARIABLE = YES;
				IPHONEOS_DEPLOYMENT_TARGET = 14.5;
				MTL_ENABLE_DEBUG_INFO = INCLUDE_SOURCE;
				MTL_FAST_MATH = YES;
				ONLY_ACTIVE_ARCH = YES;
				SDKROOT = iphoneos;
				SWIFT_ACTIVE_COMPILATION_CONDITIONS = DEBUG;
				SWIFT_OPTIMIZATION_LEVEL = "-Onone";
			};
			name = Debug;
		};
		CF7E88D12708BAD800F11C44 /* Release */ = {
			isa = XCBuildConfiguration;
			buildSettings = {
				ALWAYS_SEARCH_USER_PATHS = NO;
				CLANG_ANALYZER_NONNULL = YES;
				CLANG_ANALYZER_NUMBER_OBJECT_CONVERSION = YES_AGGRESSIVE;
				CLANG_CXX_LANGUAGE_STANDARD = "gnu++14";
				CLANG_CXX_LIBRARY = "libc++";
				CLANG_ENABLE_MODULES = YES;
				CLANG_ENABLE_OBJC_ARC = YES;
				CLANG_ENABLE_OBJC_WEAK = YES;
				CLANG_WARN_BLOCK_CAPTURE_AUTORELEASING = YES;
				CLANG_WARN_BOOL_CONVERSION = YES;
				CLANG_WARN_COMMA = YES;
				CLANG_WARN_CONSTANT_CONVERSION = YES;
				CLANG_WARN_DEPRECATED_OBJC_IMPLEMENTATIONS = YES;
				CLANG_WARN_DIRECT_OBJC_ISA_USAGE = YES_ERROR;
				CLANG_WARN_DOCUMENTATION_COMMENTS = YES;
				CLANG_WARN_EMPTY_BODY = YES;
				CLANG_WARN_ENUM_CONVERSION = YES;
				CLANG_WARN_INFINITE_RECURSION = YES;
				CLANG_WARN_INT_CONVERSION = YES;
				CLANG_WARN_NON_LITERAL_NULL_CONVERSION = YES;
				CLANG_WARN_OBJC_IMPLICIT_RETAIN_SELF = YES;
				CLANG_WARN_OBJC_LITERAL_CONVERSION = YES;
				CLANG_WARN_OBJC_ROOT_CLASS = YES_ERROR;
				CLANG_WARN_QUOTED_INCLUDE_IN_FRAMEWORK_HEADER = YES;
				CLANG_WARN_RANGE_LOOP_ANALYSIS = YES;
				CLANG_WARN_STRICT_PROTOTYPES = YES;
				CLANG_WARN_SUSPICIOUS_MOVE = YES;
				CLANG_WARN_UNGUARDED_AVAILABILITY = YES_AGGRESSIVE;
				CLANG_WARN_UNREACHABLE_CODE = YES;
				CLANG_WARN__DUPLICATE_METHOD_MATCH = YES;
				COPY_PHASE_STRIP = NO;
				DEBUG_INFORMATION_FORMAT = "dwarf-with-dsym";
				ENABLE_NS_ASSERTIONS = NO;
				ENABLE_STRICT_OBJC_MSGSEND = YES;
				GCC_C_LANGUAGE_STANDARD = gnu11;
				GCC_NO_COMMON_BLOCKS = YES;
				GCC_WARN_64_TO_32_BIT_CONVERSION = YES;
				GCC_WARN_ABOUT_RETURN_TYPE = YES_ERROR;
				GCC_WARN_UNDECLARED_SELECTOR = YES;
				GCC_WARN_UNINITIALIZED_AUTOS = YES_AGGRESSIVE;
				GCC_WARN_UNUSED_FUNCTION = YES;
				GCC_WARN_UNUSED_VARIABLE = YES;
				IPHONEOS_DEPLOYMENT_TARGET = 14.5;
				MTL_ENABLE_DEBUG_INFO = NO;
				MTL_FAST_MATH = YES;
				SDKROOT = iphoneos;
				SWIFT_COMPILATION_MODE = wholemodule;
				SWIFT_OPTIMIZATION_LEVEL = "-O";
				VALIDATE_PRODUCT = YES;
			};
			name = Release;
		};
		CF7E88D32708BAD800F11C44 /* Debug */ = {
			isa = XCBuildConfiguration;
			buildSettings = {
				ASSETCATALOG_COMPILER_APPICON_NAME = AppIcon;
				ASSETCATALOG_COMPILER_GLOBAL_ACCENT_COLOR_NAME = AccentColor;
				CODE_SIGN_STYLE = Automatic;
				DEVELOPMENT_ASSET_PATHS = "\"Peroush Nike App/Preview Content\"";
				DEVELOPMENT_TEAM = SV946BWF8C;
				ENABLE_PREVIEWS = YES;
				INFOPLIST_FILE = "Peroush Nike App/Info.plist";
				IPHONEOS_DEPLOYMENT_TARGET = 14.0;
				LD_RUNPATH_SEARCH_PATHS = (
					"$(inherited)",
					"@executable_path/Frameworks",
				);
				PRODUCT_BUNDLE_IDENTIFIER = "com.codewithPR.Peroush-Nike-App";
				PRODUCT_NAME = "$(TARGET_NAME)";
				SWIFT_VERSION = 5.0;
				TARGETED_DEVICE_FAMILY = "1,2";
			};
			name = Debug;
		};
		CF7E88D42708BAD800F11C44 /* Release */ = {
			isa = XCBuildConfiguration;
			buildSettings = {
				ASSETCATALOG_COMPILER_APPICON_NAME = AppIcon;
				ASSETCATALOG_COMPILER_GLOBAL_ACCENT_COLOR_NAME = AccentColor;
				CODE_SIGN_STYLE = Automatic;
				DEVELOPMENT_ASSET_PATHS = "\"Peroush Nike App/Preview Content\"";
				DEVELOPMENT_TEAM = SV946BWF8C;
				ENABLE_PREVIEWS = YES;
				INFOPLIST_FILE = "Peroush Nike App/Info.plist";
				IPHONEOS_DEPLOYMENT_TARGET = 14.0;
				LD_RUNPATH_SEARCH_PATHS = (
					"$(inherited)",
					"@executable_path/Frameworks",
				);
				PRODUCT_BUNDLE_IDENTIFIER = "com.codewithPR.Peroush-Nike-App";
				PRODUCT_NAME = "$(TARGET_NAME)";
				SWIFT_VERSION = 5.0;
				TARGETED_DEVICE_FAMILY = "1,2";
			};
			name = Release;
		};
		CF7E88D62708BAD800F11C44 /* Debug */ = {
			isa = XCBuildConfiguration;
			buildSettings = {
				ALWAYS_EMBED_SWIFT_STANDARD_LIBRARIES = YES;
				BUNDLE_LOADER = "$(TEST_HOST)";
				CODE_SIGN_STYLE = Automatic;
				DEVELOPMENT_TEAM = SV946BWF8C;
				INFOPLIST_FILE = "Peroush Nike AppTests/Info.plist";
				IPHONEOS_DEPLOYMENT_TARGET = 14.0;
				LD_RUNPATH_SEARCH_PATHS = (
					"$(inherited)",
					"@executable_path/Frameworks",
					"@loader_path/Frameworks",
				);
				PRODUCT_BUNDLE_IDENTIFIER = "com.codewithPR.Peroush-Nike-AppTests";
				PRODUCT_NAME = "$(TARGET_NAME)";
				SWIFT_VERSION = 5.0;
				TARGETED_DEVICE_FAMILY = "1,2";
				TEST_HOST = "$(BUILT_PRODUCTS_DIR)/Peroush Nike App.app/Peroush Nike App";
			};
			name = Debug;
		};
		CF7E88D72708BAD800F11C44 /* Release */ = {
			isa = XCBuildConfiguration;
			buildSettings = {
				ALWAYS_EMBED_SWIFT_STANDARD_LIBRARIES = YES;
				BUNDLE_LOADER = "$(TEST_HOST)";
				CODE_SIGN_STYLE = Automatic;
				DEVELOPMENT_TEAM = SV946BWF8C;
				INFOPLIST_FILE = "Peroush Nike AppTests/Info.plist";
				IPHONEOS_DEPLOYMENT_TARGET = 14.0;
				LD_RUNPATH_SEARCH_PATHS = (
					"$(inherited)",
					"@executable_path/Frameworks",
					"@loader_path/Frameworks",
				);
				PRODUCT_BUNDLE_IDENTIFIER = "com.codewithPR.Peroush-Nike-AppTests";
				PRODUCT_NAME = "$(TARGET_NAME)";
				SWIFT_VERSION = 5.0;
				TARGETED_DEVICE_FAMILY = "1,2";
				TEST_HOST = "$(BUILT_PRODUCTS_DIR)/Peroush Nike App.app/Peroush Nike App";
			};
			name = Release;
		};
		CF7E88D92708BAD800F11C44 /* Debug */ = {
			isa = XCBuildConfiguration;
			buildSettings = {
				ALWAYS_EMBED_SWIFT_STANDARD_LIBRARIES = YES;
				CODE_SIGN_STYLE = Automatic;
				DEVELOPMENT_TEAM = SV946BWF8C;
				INFOPLIST_FILE = "Peroush Nike AppUITests/Info.plist";
				LD_RUNPATH_SEARCH_PATHS = (
					"$(inherited)",
					"@executable_path/Frameworks",
					"@loader_path/Frameworks",
				);
				PRODUCT_BUNDLE_IDENTIFIER = "com.codewithPR.Peroush-Nike-AppUITests";
				PRODUCT_NAME = "$(TARGET_NAME)";
				SWIFT_VERSION = 5.0;
				TARGETED_DEVICE_FAMILY = "1,2";
				TEST_TARGET_NAME = "Peroush Nike App";
			};
			name = Debug;
		};
		CF7E88DA2708BAD800F11C44 /* Release */ = {
			isa = XCBuildConfiguration;
			buildSettings = {
				ALWAYS_EMBED_SWIFT_STANDARD_LIBRARIES = YES;
				CODE_SIGN_STYLE = Automatic;
				DEVELOPMENT_TEAM = SV946BWF8C;
				INFOPLIST_FILE = "Peroush Nike AppUITests/Info.plist";
				LD_RUNPATH_SEARCH_PATHS = (
					"$(inherited)",
					"@executable_path/Frameworks",
					"@loader_path/Frameworks",
				);
				PRODUCT_BUNDLE_IDENTIFIER = "com.codewithPR.Peroush-Nike-AppUITests";
				PRODUCT_NAME = "$(TARGET_NAME)";
				SWIFT_VERSION = 5.0;
				TARGETED_DEVICE_FAMILY = "1,2";
				TEST_TARGET_NAME = "Peroush Nike App";
			};
			name = Release;
		};
/* End XCBuildConfiguration section */

/* Begin XCConfigurationList section */
		CF7E88A82708BAD500F11C44 /* Build configuration list for PBXProject "Peroush Nike App" */ = {
			isa = XCConfigurationList;
			buildConfigurations = (
				CF7E88D02708BAD800F11C44 /* Debug */,
				CF7E88D12708BAD800F11C44 /* Release */,
			);
			defaultConfigurationIsVisible = 0;
			defaultConfigurationName = Release;
		};
		CF7E88D22708BAD800F11C44 /* Build configuration list for PBXNativeTarget "Peroush Nike App" */ = {
			isa = XCConfigurationList;
			buildConfigurations = (
				CF7E88D32708BAD800F11C44 /* Debug */,
				CF7E88D42708BAD800F11C44 /* Release */,
			);
			defaultConfigurationIsVisible = 0;
			defaultConfigurationName = Release;
		};
		CF7E88D52708BAD800F11C44 /* Build configuration list for PBXNativeTarget "Peroush Nike AppTests" */ = {
			isa = XCConfigurationList;
			buildConfigurations = (
				CF7E88D62708BAD800F11C44 /* Debug */,
				CF7E88D72708BAD800F11C44 /* Release */,
			);
			defaultConfigurationIsVisible = 0;
			defaultConfigurationName = Release;
		};
		CF7E88D82708BAD800F11C44 /* Build configuration list for PBXNativeTarget "Peroush Nike AppUITests" */ = {
			isa = XCConfigurationList;
			buildConfigurations = (
				CF7E88D92708BAD800F11C44 /* Debug */,
				CF7E88DA2708BAD800F11C44 /* Release */,
			);
			defaultConfigurationIsVisible = 0;
			defaultConfigurationName = Release;
		};
/* End XCConfigurationList section */
	};
	rootObject = CF7E88A52708BAD500F11C44 /* Project object */;
}
